
Microsoft Visual Studio Solution File, Format Version 12.00
# Visual Studio 14
VisualStudioVersion = 14.0.25420.1
MinimumVisualStudioVersion = 10.0.40219.1
Project("{FAE04EC0-301F-11D3-BF4B-00C04F79EFBC}") = "ACM.BL", "ACM.BL.csproj", "{B985C539-2182-4D2D-A412-6E3C813BD5F8}"
EndProject
Project("{2150E333-8FDC-42A3-9474-1A3956D46DE8}") = "Tests", "Tests", "{4D1D86BB-BC2E-4E6F-8858-454E690CA266}"
EndProject
Project("{FAE04EC0-301F-11D3-BF4B-00C04F79EFBC}") = "ACM.BLTest", "..\ACM.BLTest\ACM.BLTest.csproj", "{CF73002C-800B-4A9F-A3E1-5D3066AC9431}"
EndProject
Global
	GlobalSection(SolutionConfigurationPlatforms) = preSolution
		Debug|Any CPU = Debug|Any CPU
		Release|Any CPU = Release|Any CPU
	EndGlobalSection
	GlobalSection(ProjectConfigurationPlatforms) = postSolution
		{B985C539-2182-4D2D-A412-6E3C813BD5F8}.Debug|Any CPU.ActiveCfg = Debug|Any CPU
		{B985C539-2182-4D2D-A412-6E3C813BD5F8}.Debug|Any CPU.Build.0 = Debug|Any CPU
		{B985C539-2182-4D2D-A412-6E3C813BD5F8}.Release|Any CPU.ActiveCfg = Release|Any CPU
		{B985C539-2182-4D2D-A412-6E3C813BD5F8}.Release|Any CPU.Build.0 = Release|Any CPU
		{CF73002C-800B-4A9F-A3E1-5D3066AC9431}.Debug|Any CPU.ActiveCfg = Debug|Any CPU
		{CF73002C-800B-4A9F-A3E1-5D3066AC9431}.Debug|Any CPU.Build.0 = Debug|Any CPU
		{CF73002C-800B-4A9F-A3E1-5D3066AC9431}.Release|Any CPU.ActiveCfg = Release|Any CPU
		{CF73002C-800B-4A9F-A3E1-5D3066AC9431}.Release|Any CPU.Build.0 = Release|Any CPU
	EndGlobalSection
	GlobalSection(SolutionProperties) = preSolution
		HideSolutionNode = FALSE
	EndGlobalSection
	GlobalSection(NestedProjects) = preSolution
		{CF73002C-800B-4A9F-A3E1-5D3066AC9431} = {4D1D86BB-BC2E-4E6F-8858-454E690CA266}
	EndGlobalSection
EndGlobal
